{
  "name": "musix-score-engine",
  "version": "0.1.0",
  "lockfileVersion": 3,
  "requires": true,
  "packages": {
    "": {
      "name": "musix-score-engine",
      "version": "0.1.0",
      "dependencies": {
        "@coderline/alphatab": "file:../web/alphatab-fork.tgz"
      },
      "bin": {
        "score-engine": "src/index.mjs"
      }
    },
    "node_modules/@coderline/alphatab": {
      "version": "1.8.3",
      "resolved": "file:../web/alphatab-fork.tgz",
      "integrity": "sha512-BJlfcDwJZYlFQMWgBt+rQ0vxnzmVQdhaZ6m2YeG4x3GnPVHPxoi40Xv9creLKK/5tbpW5VJYt3E5T+V7agZkbQ==",
      "license": "MPL-2.0",
      "engines": {
        "node": ">=6.0.0"
      }
    }
  }
}
